{
  "name": "@fayz676/job",
  "version": "0.1.0",
  "lockfileVersion": 3,
  "requires": true,
  "packages": {
    "": {
      "name": "@fayz676/job",
      "version": "0.1.0",
      "license": "SEE LICENSE IN LICENSE",
      "dependencies": {
        "@types/better-sqlite3": "^9.6.0",
        "better-sqlite3": "^13.0.3",
        "commander": "^14.0.3",
        "entities": "^8.0.0",
        "zod": "^4.4.3"
      },
      "bin": {
        "job-browser": "cli/browser.ts",
        "job-cleanup": "cli/cleanup.ts",
        "job-help": "cli/help.ts",
        "job-paths": "cli/paths.ts",
        "job-profile": "cli/profile.ts",
        "job-q": "cli/q.ts",
        "job-resume": "cli/resume.ts",
        "job-score": "cli/score.ts",
        "job-search": "cli/search.ts",
        "job-stage": "cli/stage.ts",
        "job-submit": "cli/submit.ts"
      },
      "devDependencies": {
        "@types/node": "^20",
        "prettier": "^3.9.6",
        "typescript": "^5"
      },
      "engines": {
        "node": ">=22.18"
      }
    },
    "dashboard": {
      "name": "job-dashboard",
      "version": "0.1.0",
      "extraneous": true,
      "license": "SEE LICENSE IN LICENSE",
      "dependencies": {
        "@tanstack/react-table": "^9.2.4",
        "better-sqlite3": "^13.0.3",
        "job": "file:../skill",
        "lucide-react": "^1.37.0",
        "next": "16.3.3",
        "react": "19.2.8",
        "react-dom": "19.2.8",
        "react-markdown": "^10.1.0",
        "remark-breaks": "^4.0.0",
        "remark-gfm": "^4.0.1",
        "zod": "^4.4.3"
      },
      "devDependencies": {
        "@tailwindcss/postcss": "^4",
        "@types/node": "^20",
        "@types/react": "^19",
        "@types/react-dom": "^19",
        "daisyui": "^5.7.22",
        "tailwindcss": "^4",
        "typescript": "^5"
      },
      "engines": {
        "node": ">=22.18"
      }
    },
    "node_modules/@types/better-sqlite3": {
      "version": "9.6.0",
      "resolved": "https://registry.npmjs.org/@types/better-sqlite3/-/better-sqlite3-9.6.0.tgz",
      "integrity": "sha512-ZEEwBSgMu7GYJOynoagg5X9JbxfL6dTJDsgViJIqh67jV44kyOr9RXfmFjLK5rzC4MWssP06t9hu/JwGDnUbCg==",
      "license": "MIT",
      "dependencies": {
        "@types/node": "*"
      }
    },
    "node_modules/@types/node": {
      "version": "20.19.43",
      "resolved": "https://registry.npmjs.org/@types/node/-/node-20.19.43.tgz",
      "integrity": "sha512-6oYBAi5ikg4Pl+kGsoYtawUMBT2zZMCvPNF7pVLnHZfd1zf38DRiWn/gT01RYCdUqkv7Fhr+C9ot4/tb+2sVvA==",
      "license": "MIT",
      "dependencies": {
        "undici-types": "~6.21.0"
      }
    },
    "node_modules/better-sqlite3": {
      "version": "13.0.3",
      "resolved": "https://registry.npmjs.org/better-sqlite3/-/better-sqlite3-13.0.3.tgz",
      "integrity": "sha512-RbOBxmLBG8uvFUc15X9+9SFemKcQ0WBuISBVkpuiaUB2qblC8UWlHEjdWVoZ8AdhSwmoEgsiXKfopX0CQxaACQ==",
      "license": "MIT",
      "dependencies": {
        "node-addon-api": "^8.0.0"
      },
      "engines": {
        "node": ">=22"
      }
    },
    "node_modules/commander": {
      "version": "14.0.3",
      "resolved": "https://registry.npmjs.org/commander/-/commander-14.0.3.tgz",
      "integrity": "sha512-H+y0Jo/T1RZ9qPP4Eh1pkcQcLRglraJaSLoyOtHxu6AapkjWVCy2Sit1QQ4x3Dng8qDlSsZEet7g5Pq06MvTgw==",
      "license": "MIT",
      "engines": {
        "node": ">=20"
      }
    },
    "node_modules/entities": {
      "version": "8.0.0",
      "resolved": "https://registry.npmjs.org/entities/-/entities-8.0.0.tgz",
      "integrity": "sha512-zwfzJecQ/Uej6tusMqwAqU/6KL2XaB2VZ2Jg54Je6ahNBGNH6Ek6g3jjNCF0fG9EWQKGZNddNjU5F1ZQn/sBnA==",
      "license": "BSD-2-Clause",
      "engines": {
        "node": ">=20.19.0"
      },
      "funding": {
        "url": "https://github.com/fb55/entities?sponsor=1"
      }
    },
    "node_modules/node-addon-api": {
      "version": "8.9.2",
      "resolved": "https://registry.npmjs.org/node-addon-api/-/node-addon-api-8.9.2.tgz",
      "integrity": "sha512-VijLXbi3UACN69I0JVXJsX4tjACjNoQDgv2gTF6sx2wWEi8tkSg2eX8p5gSIFi8z2+DL3oHmY6OyKce38SDolg==",
      "license": "MIT",
      "engines": {
        "node": "^18 || ^20 || >= 21"
      }
    },
    "node_modules/prettier": {
      "version": "3.9.6",
      "resolved": "https://registry.npmjs.org/prettier/-/prettier-3.9.6.tgz",
      "integrity": "sha512-OpN0zzVdiaiAhxpuuj5efpIS4sY9j7bY6uR5mnj5yPzGkdkjNKSJeUThPb60Jw29QuAZgA4o+/iB49kFiaBX6g==",
      "dev": true,
      "license": "MIT",
      "bin": {
        "prettier": "bin/prettier.cjs"
      },
      "engines": {
        "node": ">=14"
      },
      "funding": {
        "url": "https://github.com/prettier/prettier?sponsor=1"
      }
    },
    "node_modules/typescript": {
      "version": "5.9.3",
      "resolved": "https://registry.npmjs.org/typescript/-/typescript-5.9.3.tgz",
      "integrity": "sha512-jl1vZzPDinLr9eUt3J/t7V6FgNEw9QjvBPdysz9KfQDD41fQrC2Y4vKQdiaUpFT4bXlb1RHhLpp8wtm6M5TgSw==",
      "dev": true,
      "license": "Apache-2.0",
      "bin": {
        "tsc": "bin/tsc",
        "tsserver": "bin/tsserver"
      },
      "engines": {
        "node": ">=14.17"
      }
    },
    "node_modules/undici-types": {
      "version": "6.21.0",
      "resolved": "https://registry.npmjs.org/undici-types/-/undici-types-6.21.0.tgz",
      "integrity": "sha512-iwDZqg0QAGrg9Rav5H4n0M64c3mkR59cJ6wQp+7C4nI0gsmExaedaYLNO44eT4AtBBwjbTiGPMlt2Md0T9H9JQ==",
      "license": "MIT"
    },
    "node_modules/zod": {
      "version": "4.4.3",
      "resolved": "https://registry.npmjs.org/zod/-/zod-4.4.3.tgz",
      "integrity": "sha512-ytENFjIJFl2UwYglde2jchW2Hwm4GJFLDiSXWdTrJQBIN9Fcyp7n4DhxJEiWNAJMV1/BqWfW/kkg71UDcHJyTQ==",
      "license": "MIT",
      "funding": {
        "url": "https://github.com/sponsors/colinhacks"
      }
    },
    "skill": {
      "name": "job",
      "version": "0.1.0",
      "extraneous": true,
      "license": "SEE LICENSE IN LICENSE",
      "dependencies": {
        "better-sqlite3": "^13.0.3",
        "commander": "^14.0.3",
        "entities": "^8.0.0",
        "zod": "^4.4.3"
      },
      "bin": {
        "job-browser": "cli/browser.ts",
        "job-cleanup": "cli/cleanup.ts",
        "job-help": "cli/help.ts",
        "job-paths": "cli/paths.ts",
        "job-profile": "cli/profile.ts",
        "job-q": "cli/q.ts",
        "job-resume": "cli/resume.ts",
        "job-score": "cli/score.ts",
        "job-search": "cli/search.ts",
        "job-stage": "cli/stage.ts",
        "job-submit": "cli/submit.ts"
      },
      "devDependencies": {
        "@types/better-sqlite3": "^9.6.0",
        "@types/node": "^20",
        "typescript": "^5"
      },
      "engines": {
        "node": ">=22.18"
      }
    }
  }
}
